<?xml version="1.0" encoding="UTF-8"?>
<Project ToolsVersion="14.0" xmlns="http://schemas.microsoft.com/developer/msbuild/2003">
  <ItemGroup>
    <ClCompile Include="D:\battleships\src_files\Naive.cpp">
      <Filter>Source Files</Filter>
    </ClCompile>
    <ClCompile Include="D:\battleships\src_files\Board.cpp">
      <Filter>Source Files</Filter>
    </ClCompile>
    <ClCompile Include="D:\battleships\src_files\Player.cpp">
      <Filter>Source Files</Filter>
    </ClCompile>
    <ClCompile Include="D:\battleships\src_files\Ship.cpp">
      <Filter>Source Files</Filter>
    </ClCompile>
  </ItemGroup>
  <ItemGroup>
    <ClInclude Include="D:\battleships\src_files\DataTypes.h">
      <Filter>Header Files</Filter>
    </ClInclude>
    <ClInclude Include="D:\battleships\src_files\Game.h">
      <Filter>Header Files</Filter>
    </ClInclude>
    <ClInclude Include="D:\battleships\src_files\IBattleshipGameAlgo.h">
      <Filter>Header Files</Filter>
    </ClInclude>
    <ClInclude Include="D:\battleships\src_files\Player.h">
      <Filter>Header Files</Filter>
    </ClInclude>
  </ItemGroup>
  <ItemGroup>
    <CustomBuild Include="D:\battleships\src_files\CMakeLists.txt" />
  </ItemGroup>
  <ItemGroup>
    <Filter Include="Source Files">
      <UniqueIdentifier>{62445ACD-1D9A-39E3-A6E4-5790222D2009}</UniqueIdentifier>
    </Filter>
    <Filter Include="Header Files">
      <UniqueIdentifier>{266B509E-1A9A-3455-AFCD-FEE243AC259B}</UniqueIdentifier>
    </Filter>
  </ItemGroup>
</Project>
