Microsoft Visual Studio Solution File, Format Version 12.00
# Visual Studio 14
Project("{8BC9CEB8-8B4A-11D0-8D11-00A0C91BC942}") = "ALL_BUILD", "ALL_BUILD.vcxproj", "{6B4C62E1-3AC0-3103-BC0F-174DD54303A2}"
	ProjectSection(ProjectDependencies) = postProject
		{71D980BC-8539-36AF-8DAF-5E233F43FBE0} = {71D980BC-8539-36AF-8DAF-5E233F43FBE0}
		{EA33F5B2-9846-3E1D-ADF1-A393848FD47E} = {EA33F5B2-9846-3E1D-ADF1-A393848FD47E}
		{C5E0813F-CC5A-3D70-8258-1569F38571D4} = {C5E0813F-CC5A-3D70-8258-1569F38571D4}
		{33A31116-74EF-3B92-A859-91A5823E923E} = {33A31116-74EF-3B92-A859-91A5823E923E}
		{61C9AF5E-C722-3B6C-B4CD-EDA32E5FD99E} = {61C9AF5E-C722-3B6C-B4CD-EDA32E5FD99E}
	EndProjectSection
EndProject
Project("{8BC9CEB8-8B4A-11D0-8D11-00A0C91BC942}") = "ZERO_CHECK", "ZERO_CHECK.vcxproj", "{71D980BC-8539-36AF-8DAF-5E233F43FBE0}"
	ProjectSection(ProjectDependencies) = postProject
	EndProjectSection
EndProject
Project("{8BC9CEB8-8B4A-11D0-8D11-00A0C91BC942}") = "ex2.shukrun", "ex2.shukrun.vcxproj", "{EA33F5B2-9846-3E1D-ADF1-A393848FD47E}"
	ProjectSection(ProjectDependencies) = postProject
		{71D980BC-8539-36AF-8DAF-5E233F43FBE0} = {71D980BC-8539-36AF-8DAF-5E233F43FBE0}
	EndProjectSection
EndProject
Project("{8BC9CEB8-8B4A-11D0-8D11-00A0C91BC942}") = "ex2.shukrun.file", "ex2.shukrun.file.vcxproj", "{C5E0813F-CC5A-3D70-8258-1569F38571D4}"
	ProjectSection(ProjectDependencies) = postProject
		{71D980BC-8539-36AF-8DAF-5E233F43FBE0} = {71D980BC-8539-36AF-8DAF-5E233F43FBE0}
	EndProjectSection
EndProject
Project("{8BC9CEB8-8B4A-11D0-8D11-00A0C91BC942}") = "ex2.shukrun.naive", "ex2.shukrun.naive.vcxproj", "{33A31116-74EF-3B92-A859-91A5823E923E}"
	ProjectSection(ProjectDependencies) = postProject
		{71D980BC-8539-36AF-8DAF-5E233F43FBE0} = {71D980BC-8539-36AF-8DAF-5E233F43FBE0}
	EndProjectSection
EndProject
Project("{8BC9CEB8-8B4A-11D0-8D11-00A0C91BC942}") = "ex2.shukrun.smart", "ex2.shukrun.smart.vcxproj", "{61C9AF5E-C722-3B6C-B4CD-EDA32E5FD99E}"
	ProjectSection(ProjectDependencies) = postProject
		{71D980BC-8539-36AF-8DAF-5E233F43FBE0} = {71D980BC-8539-36AF-8DAF-5E233F43FBE0}
	EndProjectSection
EndProject
Global
	GlobalSection(SolutionConfigurationPlatforms) = preSolution
		Debug|x64 = Debug|x64
		Release|x64 = Release|x64
		MinSizeRel|x64 = MinSizeRel|x64
		RelWithDebInfo|x64 = RelWithDebInfo|x64
	EndGlobalSection
	GlobalSection(ProjectConfigurationPlatforms) = postSolution
		{6B4C62E1-3AC0-3103-BC0F-174DD54303A2}.Debug|x64.ActiveCfg = Debug|x64
		{6B4C62E1-3AC0-3103-BC0F-174DD54303A2}.Release|x64.ActiveCfg = Release|x64
		{6B4C62E1-3AC0-3103-BC0F-174DD54303A2}.MinSizeRel|x64.ActiveCfg = MinSizeRel|x64
		{6B4C62E1-3AC0-3103-BC0F-174DD54303A2}.RelWithDebInfo|x64.ActiveCfg = RelWithDebInfo|x64
		{71D980BC-8539-36AF-8DAF-5E233F43FBE0}.Debug|x64.ActiveCfg = Debug|x64
		{71D980BC-8539-36AF-8DAF-5E233F43FBE0}.Debug|x64.Build.0 = Debug|x64
		{71D980BC-8539-36AF-8DAF-5E233F43FBE0}.Release|x64.ActiveCfg = Release|x64
		{71D980BC-8539-36AF-8DAF-5E233F43FBE0}.Release|x64.Build.0 = Release|x64
		{71D980BC-8539-36AF-8DAF-5E233F43FBE0}.MinSizeRel|x64.ActiveCfg = MinSizeRel|x64
		{71D980BC-8539-36AF-8DAF-5E233F43FBE0}.MinSizeRel|x64.Build.0 = MinSizeRel|x64
		{71D980BC-8539-36AF-8DAF-5E233F43FBE0}.RelWithDebInfo|x64.ActiveCfg = RelWithDebInfo|x64
		{71D980BC-8539-36AF-8DAF-5E233F43FBE0}.RelWithDebInfo|x64.Build.0 = RelWithDebInfo|x64
		{EA33F5B2-9846-3E1D-ADF1-A393848FD47E}.Debug|x64.ActiveCfg = Debug|x64
		{EA33F5B2-9846-3E1D-ADF1-A393848FD47E}.Debug|x64.Build.0 = Debug|x64
		{EA33F5B2-9846-3E1D-ADF1-A393848FD47E}.Release|x64.ActiveCfg = Release|x64
		{EA33F5B2-9846-3E1D-ADF1-A393848FD47E}.Release|x64.Build.0 = Release|x64
		{EA33F5B2-9846-3E1D-ADF1-A393848FD47E}.MinSizeRel|x64.ActiveCfg = MinSizeRel|x64
		{EA33F5B2-9846-3E1D-ADF1-A393848FD47E}.MinSizeRel|x64.Build.0 = MinSizeRel|x64
		{EA33F5B2-9846-3E1D-ADF1-A393848FD47E}.RelWithDebInfo|x64.ActiveCfg = RelWithDebInfo|x64
		{EA33F5B2-9846-3E1D-ADF1-A393848FD47E}.RelWithDebInfo|x64.Build.0 = RelWithDebInfo|x64
		{C5E0813F-CC5A-3D70-8258-1569F38571D4}.Debug|x64.ActiveCfg = Debug|x64
		{C5E0813F-CC5A-3D70-8258-1569F38571D4}.Debug|x64.Build.0 = Debug|x64
		{C5E0813F-CC5A-3D70-8258-1569F38571D4}.Release|x64.ActiveCfg = Release|x64
		{C5E0813F-CC5A-3D70-8258-1569F38571D4}.Release|x64.Build.0 = Release|x64
		{C5E0813F-CC5A-3D70-8258-1569F38571D4}.MinSizeRel|x64.ActiveCfg = MinSizeRel|x64
		{C5E0813F-CC5A-3D70-8258-1569F38571D4}.MinSizeRel|x64.Build.0 = MinSizeRel|x64
		{C5E0813F-CC5A-3D70-8258-1569F38571D4}.RelWithDebInfo|x64.ActiveCfg = RelWithDebInfo|x64
		{C5E0813F-CC5A-3D70-8258-1569F38571D4}.RelWithDebInfo|x64.Build.0 = RelWithDebInfo|x64
		{33A31116-74EF-3B92-A859-91A5823E923E}.Debug|x64.ActiveCfg = Debug|x64
		{33A31116-74EF-3B92-A859-91A5823E923E}.Debug|x64.Build.0 = Debug|x64
		{33A31116-74EF-3B92-A859-91A5823E923E}.Release|x64.ActiveCfg = Release|x64
		{33A31116-74EF-3B92-A859-91A5823E923E}.Release|x64.Build.0 = Release|x64
		{33A31116-74EF-3B92-A859-91A5823E923E}.MinSizeRel|x64.ActiveCfg = MinSizeRel|x64
		{33A31116-74EF-3B92-A859-91A5823E923E}.MinSizeRel|x64.Build.0 = MinSizeRel|x64
		{33A31116-74EF-3B92-A859-91A5823E923E}.RelWithDebInfo|x64.ActiveCfg = RelWithDebInfo|x64
		{33A31116-74EF-3B92-A859-91A5823E923E}.RelWithDebInfo|x64.Build.0 = RelWithDebInfo|x64
		{61C9AF5E-C722-3B6C-B4CD-EDA32E5FD99E}.Debug|x64.ActiveCfg = Debug|x64
		{61C9AF5E-C722-3B6C-B4CD-EDA32E5FD99E}.Debug|x64.Build.0 = Debug|x64
		{61C9AF5E-C722-3B6C-B4CD-EDA32E5FD99E}.Release|x64.ActiveCfg = Release|x64
		{61C9AF5E-C722-3B6C-B4CD-EDA32E5FD99E}.Release|x64.Build.0 = Release|x64
		{61C9AF5E-C722-3B6C-B4CD-EDA32E5FD99E}.MinSizeRel|x64.ActiveCfg = MinSizeRel|x64
		{61C9AF5E-C722-3B6C-B4CD-EDA32E5FD99E}.MinSizeRel|x64.Build.0 = MinSizeRel|x64
		{61C9AF5E-C722-3B6C-B4CD-EDA32E5FD99E}.RelWithDebInfo|x64.ActiveCfg = RelWithDebInfo|x64
		{61C9AF5E-C722-3B6C-B4CD-EDA32E5FD99E}.RelWithDebInfo|x64.Build.0 = RelWithDebInfo|x64
	EndGlobalSection
	GlobalSection(ExtensibilityGlobals) = postSolution
	EndGlobalSection
	GlobalSection(ExtensibilityAddIns) = postSolution
	EndGlobalSection
EndGlobal
